// !$*UTF8*$!
{
	archiveVersion = 1;
	classes = {
	};
	objectVersion = 46;
	objects = {

/* Begin PBXBuildFile section */
		37DCA41ADDA4D10682A44B0C /* Pods.framework in Frameworks */ = {isa = PBXBuildFile; fileRef = 46626C9CB1C18B0D3A122906 /* Pods.framework */; };
		A24EE5F01BE495F70035F04F /* YYHomeTitleView.swift in Sources */ = {isa = PBXBuildFile; fileRef = A24EE5EF1BE495F70035F04F /* YYHomeTitleView.swift */; };
		A252B6411BDE5A1F00ECF5D4 /* AppDelegate.swift in Sources */ = {isa = PBXBuildFile; fileRef = A252B6401BDE5A1F00ECF5D4 /* AppDelegate.swift */; };
		A252B6481BDE5A1F00ECF5D4 /* Assets.xcassets in Resources */ = {isa = PBXBuildFile; fileRef = A252B6471BDE5A1F00ECF5D4 /* Assets.xcassets */; };
		A252B66D1BDE635700ECF5D4 /* YYHomeViewController.swift in Sources */ = {isa = PBXBuildFile; fileRef = A252B66C1BDE635700ECF5D4 /* YYHomeViewController.swift */; };
		A252B66F1BDE639800ECF5D4 /* YYMessageViewController.swift in Sources */ = {isa = PBXBuildFile; fileRef = A252B66E1BDE639800ECF5D4 /* YYMessageViewController.swift */; };
		A252B6711BDE63C900ECF5D4 /* YYDiscoverViewController.swift in Sources */ = {isa = PBXBuildFile; fileRef = A252B6701BDE63C900ECF5D4 /* YYDiscoverViewController.swift */; };
		A252B6731BDE63E700ECF5D4 /* YYProfileViewController.swift in Sources */ = {isa = PBXBuildFile; fileRef = A252B6721BDE63E700ECF5D4 /* YYProfileViewController.swift */; };
		A252B6751BDE648100ECF5D4 /* YYMainViewController.swift in Sources */ = {isa = PBXBuildFile; fileRef = A252B6741BDE648100ECF5D4 /* YYMainViewController.swift */; };
		A255BD291BE62B4B0067D62B /* UIScreen+Extension.swift in Sources */ = {isa = PBXBuildFile; fileRef = A255BD281BE62B4B0067D62B /* UIScreen+Extension.swift */; };
		A255BD2B1BE62F390067D62B /* UIImageView+Extension.swift in Sources */ = {isa = PBXBuildFile; fileRef = A255BD2A1BE62F390067D62B /* UIImageView+Extension.swift */; };
		A255BD2F1BE648BE0067D62B /* UIButton+Extension.swift in Sources */ = {isa = PBXBuildFile; fileRef = A255BD2E1BE648BE0067D62B /* UIButton+Extension.swift */; };
		A255BD311BE655990067D62B /* YYStatusBottomView.swift in Sources */ = {isa = PBXBuildFile; fileRef = A255BD301BE655990067D62B /* YYStatusBottomView.swift */; };
		A26641661BE51DBF00CF6727 /* YYStatusCell.swift in Sources */ = {isa = PBXBuildFile; fileRef = A26641651BE51DBF00CF6727 /* YYStatusCell.swift */; };
		A26641681BE51E4900CF6727 /* YYStatusTopView.swift in Sources */ = {isa = PBXBuildFile; fileRef = A26641671BE51E4900CF6727 /* YYStatusTopView.swift */; };
		A266416A1BE521B600CF6727 /* UILabel+Extension.swift in Sources */ = {isa = PBXBuildFile; fileRef = A26641691BE521B600CF6727 /* UILabel+Extension.swift */; };
		A26921951BE08C1C00CFF248 /* YYNetworkTools.swift in Sources */ = {isa = PBXBuildFile; fileRef = A26921941BE08C1C00CFF248 /* YYNetworkTools.swift */; };
		A29D34811BE1FBAF008E3E44 /* YYWelcomeViewController.swift in Sources */ = {isa = PBXBuildFile; fileRef = A29D34801BE1FBAF008E3E44 /* YYWelcomeViewController.swift */; };
		A29D34831BE1FE1B008E3E44 /* YYNewFeatureViewController.swift in Sources */ = {isa = PBXBuildFile; fileRef = A29D34821BE1FE1B008E3E44 /* YYNewFeatureViewController.swift */; };
		A2B11AD81BE399E200F28ABF /* UIBarButtonItem+Extension.swift in Sources */ = {isa = PBXBuildFile; fileRef = A2B11AD71BE399E200F28ABF /* UIBarButtonItem+Extension.swift */; };
		A2B7D2A61BDE958B003D3486 /* YYMainTabBar.swift in Sources */ = {isa = PBXBuildFile; fileRef = A2B7D2A51BDE958B003D3486 /* YYMainTabBar.swift */; };
		A2B7D2AA1BDE9656003D3486 /* YYVisitorView.swift in Sources */ = {isa = PBXBuildFile; fileRef = A2B7D2A91BDE9656003D3486 /* YYVisitorView.swift */; };
		A2B7D2AC1BDE9695003D3486 /* YYBaseViewController.swift in Sources */ = {isa = PBXBuildFile; fileRef = A2B7D2AB1BDE9695003D3486 /* YYBaseViewController.swift */; };
		A2BD47E41BDFC19A00B414E6 /* YYAuthorizeViewController.swift in Sources */ = {isa = PBXBuildFile; fileRef = A2BD47E11BDFC19A00B414E6 /* YYAuthorizeViewController.swift */; };
		A2BF30881BE7636900D3AA73 /* YYStatusForwardCell.swift in Sources */ = {isa = PBXBuildFile; fileRef = A2BF30871BE7636900D3AA73 /* YYStatusForwardCell.swift */; };
		A2BF308A1BE771F600D3AA73 /* YYStatusNormalCell.swift in Sources */ = {isa = PBXBuildFile; fileRef = A2BF30891BE771F600D3AA73 /* YYStatusNormalCell.swift */; };
		A2C5A90D1BE6788E000BE44A /* YYStatusPictureView.swift in Sources */ = {isa = PBXBuildFile; fileRef = A2C5A90C1BE6788E000BE44A /* YYStatusPictureView.swift */; };
		A2DC16541BE137290038781E /* YYUserAccount.swift in Sources */ = {isa = PBXBuildFile; fileRef = A2DC16531BE137290038781E /* YYUserAccount.swift */; };
		A2DEF15F1BE4F34800BCA9BA /* UIView+AutoLayout.swift in Sources */ = {isa = PBXBuildFile; fileRef = A2DEF15E1BE4F34800BCA9BA /* UIView+AutoLayout.swift */; };
		A2DEF1631BE4FA9A00BCA9BA /* YYStatus.swift in Sources */ = {isa = PBXBuildFile; fileRef = A2DEF1621BE4FA9A00BCA9BA /* YYStatus.swift */; };
		A2DEF1651BE4FACC00BCA9BA /* YYUser.swift in Sources */ = {isa = PBXBuildFile; fileRef = A2DEF1641BE4FACC00BCA9BA /* YYUser.swift */; };
		A2E37D1E1BE2858700850E0B /* UIColor+Extension.swift in Sources */ = {isa = PBXBuildFile; fileRef = A2E37D1D1BE2858700850E0B /* UIColor+Extension.swift */; };
/* End PBXBuildFile section */

/* Begin PBXFileReference section */
		46626C9CB1C18B0D3A122906 /* Pods.framework */ = {isa = PBXFileReference; explicitFileType = wrapper.framework; includeInIndex = 0; path = Pods.framework; sourceTree = BUILT_PRODUCTS_DIR; };
		8B9A528CC5F23DB904463BD6 /* Pods.debug.xcconfig */ = {isa = PBXFileReference; includeInIndex = 1; lastKnownFileType = text.xcconfig; name = Pods.debug.xcconfig; path = "Pods/Target Support Files/Pods/Pods.debug.xcconfig"; sourceTree = "<group>"; };
		9F89B815AE5A9A70C8AB9E5B /* Pods.release.xcconfig */ = {isa = PBXFileReference; includeInIndex = 1; lastKnownFileType = text.xcconfig; name = Pods.release.xcconfig; path = "Pods/Target Support Files/Pods/Pods.release.xcconfig"; sourceTree = "<group>"; };
		A24EE5EF1BE495F70035F04F /* YYHomeTitleView.swift */ = {isa = PBXFileReference; fileEncoding = 4; lastKnownFileType = sourcecode.swift; path = YYHomeTitleView.swift; sourceTree = "<group>"; };
		A252B63D1BDE5A1F00ECF5D4 /* SinaWeiBo.app */ = {isa = PBXFileReference; explicitFileType = wrapper.application; includeInIndex = 0; path = SinaWeiBo.app; sourceTree = BUILT_PRODUCTS_DIR; };
		A252B6401BDE5A1F00ECF5D4 /* AppDelegate.swift */ = {isa = PBXFileReference; lastKnownFileType = sourcecode.swift; path = AppDelegate.swift; sourceTree = "<group>"; };
		A252B6471BDE5A1F00ECF5D4 /* Assets.xcassets */ = {isa = PBXFileReference; lastKnownFileType = folder.assetcatalog; path = Assets.xcassets; sourceTree = "<group>"; };
		A252B64C1BDE5A1F00ECF5D4 /* Info.plist */ = {isa = PBXFileReference; lastKnownFileType = text.plist.xml; path = Info.plist; sourceTree = "<group>"; };
		A252B66C1BDE635700ECF5D4 /* YYHomeViewController.swift */ = {isa = PBXFileReference; fileEncoding = 4; lastKnownFileType = sourcecode.swift; path = YYHomeViewController.swift; sourceTree = "<group>"; };
		A252B66E1BDE639800ECF5D4 /* YYMessageViewController.swift */ = {isa = PBXFileReference; fileEncoding = 4; lastKnownFileType = sourcecode.swift; path = YYMessageViewController.swift; sourceTree = "<group>"; };
		A252B6701BDE63C900ECF5D4 /* YYDiscoverViewController.swift */ = {isa = PBXFileReference; fileEncoding = 4; lastKnownFileType = sourcecode.swift; path = YYDiscoverViewController.swift; sourceTree = "<group>"; };
		A252B6721BDE63E700ECF5D4 /* YYProfileViewController.swift */ = {isa = PBXFileReference; fileEncoding = 4; lastKnownFileType = sourcecode.swift; path = YYProfileViewController.swift; sourceTree = "<group>"; };
		A252B6741BDE648100ECF5D4 /* YYMainViewController.swift */ = {isa = PBXFileReference; fileEncoding = 4; lastKnownFileType = sourcecode.swift; path = YYMainViewController.swift; sourceTree = "<group>"; };
		A255BD281BE62B4B0067D62B /* UIScreen+Extension.swift */ = {isa = PBXFileReference; fileEncoding = 4; lastKnownFileType = sourcecode.swift; path = "UIScreen+Extension.swift"; sourceTree = "<group>"; };
		A255BD2A1BE62F390067D62B /* UIImageView+Extension.swift */ = {isa = PBXFileReference; fileEncoding = 4; lastKnownFileType = sourcecode.swift; path = "UIImageView+Extension.swift"; sourceTree = "<group>"; };
		A255BD2E1BE648BE0067D62B /* UIButton+Extension.swift */ = {isa = PBXFileReference; fileEncoding = 4; lastKnownFileType = sourcecode.swift; path = "UIButton+Extension.swift"; sourceTree = "<group>"; };
		A255BD301BE655990067D62B /* YYStatusBottomView.swift */ = {isa = PBXFileReference; fileEncoding = 4; lastKnownFileType = sourcecode.swift; path = YYStatusBottomView.swift; sourceTree = "<group>"; };
		A26641651BE51DBF00CF6727 /* YYStatusCell.swift */ = {isa = PBXFileReference; fileEncoding = 4; lastKnownFileType = sourcecode.swift; path = YYStatusCell.swift; sourceTree = "<group>"; };
		A26641671BE51E4900CF6727 /* YYStatusTopView.swift */ = {isa = PBXFileReference; fileEncoding = 4; lastKnownFileType = sourcecode.swift; path = YYStatusTopView.swift; sourceTree = "<group>"; };
		A26641691BE521B600CF6727 /* UILabel+Extension.swift */ = {isa = PBXFileReference; fileEncoding = 4; lastKnownFileType = sourcecode.swift; path = "UILabel+Extension.swift"; sourceTree = "<group>"; };
		A26921941BE08C1C00CFF248 /* YYNetworkTools.swift */ = {isa = PBXFileReference; fileEncoding = 4; lastKnownFileType = sourcecode.swift; path = YYNetworkTools.swift; sourceTree = "<group>"; };
		A29D34801BE1FBAF008E3E44 /* YYWelcomeViewController.swift */ = {isa = PBXFileReference; fileEncoding = 4; lastKnownFileType = sourcecode.swift; path = YYWelcomeViewController.swift; sourceTree = "<group>"; };
		A29D34821BE1FE1B008E3E44 /* YYNewFeatureViewController.swift */ = {isa = PBXFileReference; fileEncoding = 4; lastKnownFileType = sourcecode.swift; path = YYNewFeatureViewController.swift; sourceTree = "<group>"; };
		A2B11AD71BE399E200F28ABF /* UIBarButtonItem+Extension.swift */ = {isa = PBXFileReference; fileEncoding = 4; lastKnownFileType = sourcecode.swift; path = "UIBarButtonItem+Extension.swift"; sourceTree = "<group>"; };
		A2B7D2A51BDE958B003D3486 /* YYMainTabBar.swift */ = {isa = PBXFileReference; fileEncoding = 4; lastKnownFileType = sourcecode.swift; path = YYMainTabBar.swift; sourceTree = "<group>"; };
		A2B7D2A91BDE9656003D3486 /* YYVisitorView.swift */ = {isa = PBXFileReference; fileEncoding = 4; lastKnownFileType = sourcecode.swift; path = YYVisitorView.swift; sourceTree = "<group>"; };
		A2B7D2AB1BDE9695003D3486 /* YYBaseViewController.swift */ = {isa = PBXFileReference; fileEncoding = 4; lastKnownFileType = sourcecode.swift; path = YYBaseViewController.swift; sourceTree = "<group>"; };
		A2BD47E11BDFC19A00B414E6 /* YYAuthorizeViewController.swift */ = {isa = PBXFileReference; fileEncoding = 4; lastKnownFileType = sourcecode.swift; path = YYAuthorizeViewController.swift; sourceTree = "<group>"; };
		A2BF30871BE7636900D3AA73 /* YYStatusForwardCell.swift */ = {isa = PBXFileReference; fileEncoding = 4; lastKnownFileType = sourcecode.swift; path = YYStatusForwardCell.swift; sourceTree = "<group>"; };
		A2BF30891BE771F600D3AA73 /* YYStatusNormalCell.swift */ = {isa = PBXFileReference; fileEncoding = 4; lastKnownFileType = sourcecode.swift; path = YYStatusNormalCell.swift; sourceTree = "<group>"; };
		A2C5A90C1BE6788E000BE44A /* YYStatusPictureView.swift */ = {isa = PBXFileReference; fileEncoding = 4; lastKnownFileType = sourcecode.swift; path = YYStatusPictureView.swift; sourceTree = "<group>"; };
		A2DC16531BE137290038781E /* YYUserAccount.swift */ = {isa = PBXFileReference; fileEncoding = 4; lastKnownFileType = sourcecode.swift; path = YYUserAccount.swift; sourceTree = "<group>"; };
		A2DEF15E1BE4F34800BCA9BA /* UIView+AutoLayout.swift */ = {isa = PBXFileReference; fileEncoding = 4; lastKnownFileType = sourcecode.swift; path = "UIView+AutoLayout.swift"; sourceTree = "<group>"; };
		A2DEF1621BE4FA9A00BCA9BA /* YYStatus.swift */ = {isa = PBXFileReference; fileEncoding = 4; lastKnownFileType = sourcecode.swift; path = YYStatus.swift; sourceTree = "<group>"; };
		A2DEF1641BE4FACC00BCA9BA /* YYUser.swift */ = {isa = PBXFileReference; fileEncoding = 4; lastKnownFileType = sourcecode.swift; path = YYUser.swift; sourceTree = "<group>"; };
		A2E37D1D1BE2858700850E0B /* UIColor+Extension.swift */ = {isa = PBXFileReference; fileEncoding = 4; lastKnownFileType = sourcecode.swift; path = "UIColor+Extension.swift"; sourceTree = "<group>"; };
/* End PBXFileReference section */

/* Begin PBXFrameworksBuildPhase section */
		A252B63A1BDE5A1F00ECF5D4 /* Frameworks */ = {
			isa = PBXFrameworksBuildPhase;
			buildActionMask = 2147483647;
			files = (
				37DCA41ADDA4D10682A44B0C /* Pods.framework in Frameworks */,
			);
			runOnlyForDeploymentPostprocessing = 0;
		};
/* End PBXFrameworksBuildPhase section */

/* Begin PBXGroup section */
		1DA2267D5254866988D9F601 /* Frameworks */ = {
			isa = PBXGroup;
			children = (
				46626C9CB1C18B0D3A122906 /* Pods.framework */,
			);
			name = Frameworks;
			sourceTree = "<group>";
		};
		A252B6341BDE5A1F00ECF5D4 = {
			isa = PBXGroup;
			children = (
				A252B63F1BDE5A1F00ECF5D4 /* SinaWeiBo */,
				A252B63E1BDE5A1F00ECF5D4 /* Products */,
				CC4646C59B67442312FAEC86 /* Pods */,
				1DA2267D5254866988D9F601 /* Frameworks */,
			);
			sourceTree = "<group>";
		};
		A252B63E1BDE5A1F00ECF5D4 /* Products */ = {
			isa = PBXGroup;
			children = (
				A252B63D1BDE5A1F00ECF5D4 /* SinaWeiBo.app */,
			);
			name = Products;
			sourceTree = "<group>";
		};
		A252B63F1BDE5A1F00ECF5D4 /* SinaWeiBo */ = {
			isa = PBXGroup;
			children = (
				A252B6401BDE5A1F00ECF5D4 /* AppDelegate.swift */,
				A252B6521BDE5B3D00ECF5D4 /* Classes */,
				A252B6471BDE5A1F00ECF5D4 /* Assets.xcassets */,
				A252B64C1BDE5A1F00ECF5D4 /* Info.plist */,
			);
			path = SinaWeiBo;
			sourceTree = "<group>";
		};
		A252B6521BDE5B3D00ECF5D4 /* Classes */ = {
			isa = PBXGroup;
			children = (
				A252B6541BDE5B3D00ECF5D4 /* Model */,
				A252B6551BDE5B3D00ECF5D4 /* Module */,
				A252B66B1BDE61EC00ECF5D4 /* Extension */,
				A252B6531BDE5B3D00ECF5D4 /* Library */,
				A252B66A1BDE5B3D00ECF5D4 /* Tool */,
			);
			path = Classes;
			sourceTree = "<group>";
		};
		A252B6531BDE5B3D00ECF5D4 /* Library */ = {
			isa = PBXGroup;
			children = (
				A2DEF15E1BE4F34800BCA9BA /* UIView+AutoLayout.swift */,
			);
			path = Library;
			sourceTree = "<group>";
		};
		A252B6541BDE5B3D00ECF5D4 /* Model */ = {
			isa = PBXGroup;
			children = (
				A2DC16531BE137290038781E /* YYUserAccount.swift */,
				A2DEF1621BE4FA9A00BCA9BA /* YYStatus.swift */,
				A2DEF1641BE4FACC00BCA9BA /* YYUser.swift */,
			);
			path = Model;
			sourceTree = "<group>";
		};
		A252B6551BDE5B3D00ECF5D4 /* Module */ = {
			isa = PBXGroup;
			children = (
				A252B65E1BDE5B3D00ECF5D4 /* Main */,
				A252B65A1BDE5B3D00ECF5D4 /* Home */,
				A252B6621BDE5B3D00ECF5D4 /* Message */,
				A252B6561BDE5B3D00ECF5D4 /* Discover */,
				A252B6661BDE5B3D00ECF5D4 /* Profile */,
				A2BD47DF1BDFC19A00B414E6 /* Authorize */,
				A29D347C1BE1F80F008E3E44 /* NewFeature */,
			);
			path = Module;
			sourceTree = "<group>";
		};
		A252B6561BDE5B3D00ECF5D4 /* Discover */ = {
			isa = PBXGroup;
			children = (
				A252B6581BDE5B3D00ECF5D4 /* Model */,
				A252B6591BDE5B3D00ECF5D4 /* View */,
				A252B6571BDE5B3D00ECF5D4 /* Controller */,
			);
			path = Discover;
			sourceTree = "<group>";
		};
		A252B6571BDE5B3D00ECF5D4 /* Controller */ = {
			isa = PBXGroup;
			children = (
				A252B6701BDE63C900ECF5D4 /* YYDiscoverViewController.swift */,
			);
			path = Controller;
			sourceTree = "<group>";
		};
		A252B6581BDE5B3D00ECF5D4 /* Model */ = {
			isa = PBXGroup;
			children = (
			);
			path = Model;
			sourceTree = "<group>";
		};
		A252B6591BDE5B3D00ECF5D4 /* View */ = {
			isa = PBXGroup;
			children = (
			);
			path = View;
			sourceTree = "<group>";
		};
		A252B65A1BDE5B3D00ECF5D4 /* Home */ = {
			isa = PBXGroup;
			children = (
				A252B65C1BDE5B3D00ECF5D4 /* Model */,
				A252B65D1BDE5B3D00ECF5D4 /* View */,
				A252B65B1BDE5B3D00ECF5D4 /* Controller */,
			);
			path = Home;
			sourceTree = "<group>";
		};
		A252B65B1BDE5B3D00ECF5D4 /* Controller */ = {
			isa = PBXGroup;
			children = (
				A252B66C1BDE635700ECF5D4 /* YYHomeViewController.swift */,
			);
			path = Controller;
			sourceTree = "<group>";
		};
		A252B65C1BDE5B3D00ECF5D4 /* Model */ = {
			isa = PBXGroup;
			children = (
			);
			path = Model;
			sourceTree = "<group>";
		};
		A252B65D1BDE5B3D00ECF5D4 /* View */ = {
			isa = PBXGroup;
			children = (
				A2DEF1661BE50FA800BCA9BA /* Cell */,
				A24EE5EF1BE495F70035F04F /* YYHomeTitleView.swift */,
			);
			path = View;
			sourceTree = "<group>";
		};
		A252B65E1BDE5B3D00ECF5D4 /* Main */ = {
			isa = PBXGroup;
			children = (
				A252B6601BDE5B3D00ECF5D4 /* Model */,
				A252B6611BDE5B3D00ECF5D4 /* View */,
				A252B65F1BDE5B3D00ECF5D4 /* Controller */,
			);
			path = Main;
			sourceTree = "<group>";
		};
		A252B65F1BDE5B3D00ECF5D4 /* Controller */ = {
			isa = PBXGroup;
			children = (
				A252B6741BDE648100ECF5D4 /* YYMainViewController.swift */,
				A2B7D2AB1BDE9695003D3486 /* YYBaseViewController.swift */,
			);
			path = Controller;
			sourceTree = "<group>";
		};
		A252B6601BDE5B3D00ECF5D4 /* Model */ = {
			isa = PBXGroup;
			children = (
			);
			path = Model;
			sourceTree = "<group>";
		};
		A252B6611BDE5B3D00ECF5D4 /* View */ = {
			isa = PBXGroup;
			children = (
				A2B7D2A91BDE9656003D3486 /* YYVisitorView.swift */,
				A2B7D2A51BDE958B003D3486 /* YYMainTabBar.swift */,
			);
			path = View;
			sourceTree = "<group>";
		};
		A252B6621BDE5B3D00ECF5D4 /* Message */ = {
			isa = PBXGroup;
			children = (
				A252B6641BDE5B3D00ECF5D4 /* Model */,
				A252B6651BDE5B3D00ECF5D4 /* View */,
				A252B6631BDE5B3D00ECF5D4 /* Controller */,
			);
			path = Message;
			sourceTree = "<group>";
		};
		A252B6631BDE5B3D00ECF5D4 /* Controller */ = {
			isa = PBXGroup;
			children = (
				A252B66E1BDE639800ECF5D4 /* YYMessageViewController.swift */,
			);
			path = Controller;
			sourceTree = "<group>";
		};
		A252B6641BDE5B3D00ECF5D4 /* Model */ = {
			isa = PBXGroup;
			children = (
			);
			path = Model;
			sourceTree = "<group>";
		};
		A252B6651BDE5B3D00ECF5D4 /* View */ = {
			isa = PBXGroup;
			children = (
			);
			path = View;
			sourceTree = "<group>";
		};
		A252B6661BDE5B3D00ECF5D4 /* Profile */ = {
			isa = PBXGroup;
			children = (
				A252B6681BDE5B3D00ECF5D4 /* Model */,
				A252B6691BDE5B3D00ECF5D4 /* View */,
				A252B6671BDE5B3D00ECF5D4 /* Controller */,
			);
			path = Profile;
			sourceTree = "<group>";
		};
		A252B6671BDE5B3D00ECF5D4 /* Controller */ = {
			isa = PBXGroup;
			children = (
				A252B6721BDE63E700ECF5D4 /* YYProfileViewController.swift */,
			);
			path = Controller;
			sourceTree = "<group>";
		};
		A252B6681BDE5B3D00ECF5D4 /* Model */ = {
			isa = PBXGroup;
			children = (
			);
			path = Model;
			sourceTree = "<group>";
		};
		A252B6691BDE5B3D00ECF5D4 /* View */ = {
			isa = PBXGroup;
			children = (
			);
			path = View;
			sourceTree = "<group>";
		};
		A252B66A1BDE5B3D00ECF5D4 /* Tool */ = {
			isa = PBXGroup;
			children = (
				A26921941BE08C1C00CFF248 /* YYNetworkTools.swift */,
			);
			path = Tool;
			sourceTree = "<group>";
		};
		A252B66B1BDE61EC00ECF5D4 /* Extension */ = {
			isa = PBXGroup;
			children = (
				A2E37D1D1BE2858700850E0B /* UIColor+Extension.swift */,
				A2B11AD71BE399E200F28ABF /* UIBarButtonItem+Extension.swift */,
				A26641691BE521B600CF6727 /* UILabel+Extension.swift */,
				A255BD2E1BE648BE0067D62B /* UIButton+Extension.swift */,
				A255BD281BE62B4B0067D62B /* UIScreen+Extension.swift */,
				A255BD2A1BE62F390067D62B /* UIImageView+Extension.swift */,
			);
			path = Extension;
			sourceTree = "<group>";
		};
		A29D347C1BE1F80F008E3E44 /* NewFeature */ = {
			isa = PBXGroup;
			children = (
				A29D347E1BE1F80F008E3E44 /* Model */,
				A29D347F1BE1F80F008E3E44 /* View */,
				A29D347D1BE1F80F008E3E44 /* Controller */,
			);
			path = NewFeature;
			sourceTree = "<group>";
		};
		A29D347D1BE1F80F008E3E44 /* Controller */ = {
			isa = PBXGroup;
			children = (
				A29D34801BE1FBAF008E3E44 /* YYWelcomeViewController.swift */,
				A29D34821BE1FE1B008E3E44 /* YYNewFeatureViewController.swift */,
			);
			path = Controller;
			sourceTree = "<group>";
		};
		A29D347E1BE1F80F008E3E44 /* Model */ = {
			isa = PBXGroup;
			children = (
			);
			path = Model;
			sourceTree = "<group>";
		};
		A29D347F1BE1F80F008E3E44 /* View */ = {
			isa = PBXGroup;
			children = (
			);
			path = View;
			sourceTree = "<group>";
		};
		A2BD47DF1BDFC19A00B414E6 /* Authorize */ = {
			isa = PBXGroup;
			children = (
				A2BD47E21BDFC19A00B414E6 /* Model */,
				A2BD47E31BDFC19A00B414E6 /* View */,
				A2BD47E01BDFC19A00B414E6 /* Controller */,
			);
			path = Authorize;
			sourceTree = "<group>";
		};
		A2BD47E01BDFC19A00B414E6 /* Controller */ = {
			isa = PBXGroup;
			children = (
				A2BD47E11BDFC19A00B414E6 /* YYAuthorizeViewController.swift */,
			);
			path = Controller;
			sourceTree = "<group>";
		};
		A2BD47E21BDFC19A00B414E6 /* Model */ = {
			isa = PBXGroup;
			children = (
			);
			path = Model;
			sourceTree = "<group>";
		};
		A2BD47E31BDFC19A00B414E6 /* View */ = {
			isa = PBXGroup;
			children = (
			);
			path = View;
			sourceTree = "<group>";
		};
		A2DEF1661BE50FA800BCA9BA /* Cell */ = {
			isa = PBXGroup;
			children = (
				A26641651BE51DBF00CF6727 /* YYStatusCell.swift */,
				A2BF30891BE771F600D3AA73 /* YYStatusNormalCell.swift */,
				A2BF30871BE7636900D3AA73 /* YYStatusForwardCell.swift */,
				A26641671BE51E4900CF6727 /* YYStatusTopView.swift */,
				A255BD301BE655990067D62B /* YYStatusBottomView.swift */,
				A2C5A90C1BE6788E000BE44A /* YYStatusPictureView.swift */,
			);
			path = Cell;
			sourceTree = "<group>";
		};
		CC4646C59B67442312FAEC86 /* Pods */ = {
			isa = PBXGroup;
			children = (
				8B9A528CC5F23DB904463BD6 /* Pods.debug.xcconfig */,
				9F89B815AE5A9A70C8AB9E5B /* Pods.release.xcconfig */,
			);
			name = Pods;
			sourceTree = "<group>";
		};
/* End PBXGroup section */

/* Begin PBXNativeTarget section */
		A252B63C1BDE5A1F00ECF5D4 /* SinaWeiBo */ = {
			isa = PBXNativeTarget;
			buildConfigurationList = A252B64F1BDE5A1F00ECF5D4 /* Build configuration list for PBXNativeTarget "SinaWeiBo" */;
			buildPhases = (
				5ECD0566AAAE033F8450548A /* Check Pods Manifest.lock */,
				A252B6391BDE5A1F00ECF5D4 /* Sources */,
				A252B63A1BDE5A1F00ECF5D4 /* Frameworks */,
				A252B63B1BDE5A1F00ECF5D4 /* Resources */,
				173F120E78597CDC5488E828 /* Embed Pods Frameworks */,
				3FEA7451512E71E7C47AC618 /* Copy Pods Resources */,
			);
			buildRules = (
			);
			dependencies = (
			);
			name = SinaWeiBo;
			productName = SinaWeiBo;
			productReference = A252B63D1BDE5A1F00ECF5D4 /* SinaWeiBo.app */;
			productType = "com.apple.product-type.application";
		};
/* End PBXNativeTarget section */

/* Begin PBXProject section */
		A252B6351BDE5A1F00ECF5D4 /* Project object */ = {
			isa = PBXProject;
			attributes = {
				CLASSPREFIX = YY;
				LastUpgradeCheck = 0700;
				ORGANIZATIONNAME = Arvin;
				TargetAttributes = {
					A252B63C1BDE5A1F00ECF5D4 = {
						CreatedOnToolsVersion = 7.0.1;
					};
				};
			};
			buildConfigurationList = A252B6381BDE5A1F00ECF5D4 /* Build configuration list for PBXProject "SinaWeiBo" */;
			compatibilityVersion = "Xcode 3.2";
			developmentRegion = English;
			hasScannedForEncodings = 0;
			knownRegions = (
				en,
				Base,
			);
			mainGroup = A252B6341BDE5A1F00ECF5D4;
			productRefGroup = A252B63E1BDE5A1F00ECF5D4 /* Products */;
			projectDirPath = "";
			projectRoot = "";
			targets = (
				A252B63C1BDE5A1F00ECF5D4 /* SinaWeiBo */,
			);
		};
/* End PBXProject section */

/* Begin PBXResourcesBuildPhase section */
		A252B63B1BDE5A1F00ECF5D4 /* Resources */ = {
			isa = PBXResourcesBuildPhase;
			buildActionMask = 2147483647;
			files = (
				A252B6481BDE5A1F00ECF5D4 /* Assets.xcassets in Resources */,
			);
			runOnlyForDeploymentPostprocessing = 0;
		};
/* End PBXResourcesBuildPhase section */

/* Begin PBXShellScriptBuildPhase section */
		173F120E78597CDC5488E828 /* Embed Pods Frameworks */ = {
			isa = PBXShellScriptBuildPhase;
			buildActionMask = 2147483647;
			files = (
			);
			inputPaths = (
			);
			name = "Embed Pods Frameworks";
			outputPaths = (
			);
			runOnlyForDeploymentPostprocessing = 0;
			shellPath = /bin/sh;
			shellScript = "\"${SRCROOT}/Pods/Target Support Files/Pods/Pods-frameworks.sh\"\n";
			showEnvVarsInLog = 0;
		};
		3FEA7451512E71E7C47AC618 /* Copy Pods Resources */ = {
			isa = PBXShellScriptBuildPhase;
			buildActionMask = 2147483647;
			files = (
			);
			inputPaths = (
			);
			name = "Copy Pods Resources";
			outputPaths = (
			);
			runOnlyForDeploymentPostprocessing = 0;
			shellPath = /bin/sh;
			shellScript = "\"${SRCROOT}/Pods/Target Support Files/Pods/Pods-resources.sh\"\n";
			showEnvVarsInLog = 0;
		};
		5ECD0566AAAE033F8450548A /* Check Pods Manifest.lock */ = {
			isa = PBXShellScriptBuildPhase;
			buildActionMask = 2147483647;
			files = (
			);
			inputPaths = (
			);
			name = "Check Pods Manifest.lock";
			outputPaths = (
			);
			runOnlyForDeploymentPostprocessing = 0;
			shellPath = /bin/sh;
			shellScript = "diff \"${PODS_ROOT}/../Podfile.lock\" \"${PODS_ROOT}/Manifest.lock\" > /dev/null\nif [[ $? != 0 ]] ; then\n    cat << EOM\nerror: The sandbox is not in sync with the Podfile.lock. Run 'pod install' or update your CocoaPods installation.\nEOM\n    exit 1\nfi\n";
			showEnvVarsInLog = 0;
		};
/* End PBXShellScriptBuildPhase section */

/* Begin PBXSourcesBuildPhase section */
		A252B6391BDE5A1F00ECF5D4 /* Sources */ = {
			isa = PBXSourcesBuildPhase;
			buildActionMask = 2147483647;
			files = (
				A2B11AD81BE399E200F28ABF /* UIBarButtonItem+Extension.swift in Sources */,
				A2DEF15F1BE4F34800BCA9BA /* UIView+AutoLayout.swift in Sources */,
				A252B6411BDE5A1F00ECF5D4 /* AppDelegate.swift in Sources */,
				A266416A1BE521B600CF6727 /* UILabel+Extension.swift in Sources */,
				A26921951BE08C1C00CFF248 /* YYNetworkTools.swift in Sources */,
				A29D34831BE1FE1B008E3E44 /* YYNewFeatureViewController.swift in Sources */,
				A29D34811BE1FBAF008E3E44 /* YYWelcomeViewController.swift in Sources */,
				A2B7D2AC1BDE9695003D3486 /* YYBaseViewController.swift in Sources */,
				A252B6751BDE648100ECF5D4 /* YYMainViewController.swift in Sources */,
				A2DC16541BE137290038781E /* YYUserAccount.swift in Sources */,
				A255BD2B1BE62F390067D62B /* UIImageView+Extension.swift in Sources */,
				A26641661BE51DBF00CF6727 /* YYStatusCell.swift in Sources */,
				A2B7D2A61BDE958B003D3486 /* YYMainTabBar.swift in Sources */,
				A2BF30881BE7636900D3AA73 /* YYStatusForwardCell.swift in Sources */,
				A2C5A90D1BE6788E000BE44A /* YYStatusPictureView.swift in Sources */,
				A255BD2F1BE648BE0067D62B /* UIButton+Extension.swift in Sources */,
				A2B7D2AA1BDE9656003D3486 /* YYVisitorView.swift in Sources */,
				A2E37D1E1BE2858700850E0B /* UIColor+Extension.swift in Sources */,
				A2DEF1631BE4FA9A00BCA9BA /* YYStatus.swift in Sources */,
				A252B6711BDE63C900ECF5D4 /* YYDiscoverViewController.swift in Sources */,
				A252B66F1BDE639800ECF5D4 /* YYMessageViewController.swift in Sources */,
				A255BD291BE62B4B0067D62B /* UIScreen+Extension.swift in Sources */,
				A26641681BE51E4900CF6727 /* YYStatusTopView.swift in Sources */,
				A252B6731BDE63E700ECF5D4 /* YYProfileViewController.swift in Sources */,
				A2DEF1651BE4FACC00BCA9BA /* YYUser.swift in Sources */,
				A2BD47E41BDFC19A00B414E6 /* YYAuthorizeViewController.swift in Sources */,
				A2BF308A1BE771F600D3AA73 /* YYStatusNormalCell.swift in Sources */,
				A255BD311BE655990067D62B /* YYStatusBottomView.swift in Sources */,
				A24EE5F01BE495F70035F04F /* YYHomeTitleView.swift in Sources */,
				A252B66D1BDE635700ECF5D4 /* YYHomeViewController.swift in Sources */,
			);
			runOnlyForDeploymentPostprocessing = 0;
		};
/* End PBXSourcesBuildPhase section */

/* Begin XCBuildConfiguration section */
		A252B64D1BDE5A1F00ECF5D4 /* Debug */ = {
			isa = XCBuildConfiguration;
			buildSettings = {
				ALWAYS_SEARCH_USER_PATHS = NO;
				CLANG_CXX_LANGUAGE_STANDARD = "gnu++0x";
				CLANG_CXX_LIBRARY = "libc++";
				CLANG_ENABLE_MODULES = YES;
				CLANG_ENABLE_OBJC_ARC = YES;
				CLANG_WARN_BOOL_CONVERSION = YES;
				CLANG_WARN_CONSTANT_CONVERSION = YES;
				CLANG_WARN_DIRECT_OBJC_ISA_USAGE = YES_ERROR;
				CLANG_WARN_EMPTY_BODY = YES;
				CLANG_WARN_ENUM_CONVERSION = YES;
				CLANG_WARN_INT_CONVERSION = YES;
				CLANG_WARN_OBJC_ROOT_CLASS = YES_ERROR;
				CLANG_WARN_UNREACHABLE_CODE = YES;
				CLANG_WARN__DUPLICATE_METHOD_MATCH = YES;
				"CODE_SIGN_IDENTITY[sdk=iphoneos*]" = "iPhone Developer";
				COPY_PHASE_STRIP = NO;
				DEBUG_INFORMATION_FORMAT = dwarf;
				ENABLE_STRICT_OBJC_MSGSEND = YES;
				ENABLE_TESTABILITY = YES;
				GCC_C_LANGUAGE_STANDARD = gnu99;
				GCC_DYNAMIC_NO_PIC = NO;
				GCC_NO_COMMON_BLOCKS = YES;
				GCC_OPTIMIZATION_LEVEL = 0;
				GCC_PREPROCESSOR_DEFINITIONS = (
					"DEBUG=1",
					"$(inherited)",
				);
				GCC_WARN_64_TO_32_BIT_CONVERSION = YES;
				GCC_WARN_ABOUT_RETURN_TYPE = YES_ERROR;
				GCC_WARN_UNDECLARED_SELECTOR = YES;
				GCC_WARN_UNINITIALIZED_AUTOS = YES_AGGRESSIVE;
				GCC_WARN_UNUSED_FUNCTION = YES;
				GCC_WARN_UNUSED_VARIABLE = YES;
				IPHONEOS_DEPLOYMENT_TARGET = 9.0;
				MTL_ENABLE_DEBUG_INFO = YES;
				ONLY_ACTIVE_ARCH = YES;
				SDKROOT = iphoneos;
				SWIFT_OPTIMIZATION_LEVEL = "-Onone";
			};
			name = Debug;
		};
		A252B64E1BDE5A1F00ECF5D4 /* Release */ = {
			isa = XCBuildConfiguration;
			buildSettings = {
				ALWAYS_SEARCH_USER_PATHS = NO;
				CLANG_CXX_LANGUAGE_STANDARD = "gnu++0x";
				CLANG_CXX_LIBRARY = "libc++";
				CLANG_ENABLE_MODULES = YES;
				CLANG_ENABLE_OBJC_ARC = YES;
				CLANG_WARN_BOOL_CONVERSION = YES;
				CLANG_WARN_CONSTANT_CONVERSION = YES;
				CLANG_WARN_DIRECT_OBJC_ISA_USAGE = YES_ERROR;
				CLANG_WARN_EMPTY_BODY = YES;
				CLANG_WARN_ENUM_CONVERSION = YES;
				CLANG_WARN_INT_CONVERSION = YES;
				CLANG_WARN_OBJC_ROOT_CLASS = YES_ERROR;
				CLANG_WARN_UNREACHABLE_CODE = YES;
				CLANG_WARN__DUPLICATE_METHOD_MATCH = YES;
				"CODE_SIGN_IDENTITY[sdk=iphoneos*]" = "iPhone Developer";
				COPY_PHASE_STRIP = NO;
				DEBUG_INFORMATION_FORMAT = "dwarf-with-dsym";
				ENABLE_NS_ASSERTIONS = NO;
				ENABLE_STRICT_OBJC_MSGSEND = YES;
				GCC_C_LANGUAGE_STANDARD = gnu99;
				GCC_NO_COMMON_BLOCKS = YES;
				GCC_WARN_64_TO_32_BIT_CONVERSION = YES;
				GCC_WARN_ABOUT_RETURN_TYPE = YES_ERROR;
				GCC_WARN_UNDECLARED_SELECTOR = YES;
				GCC_WARN_UNINITIALIZED_AUTOS = YES_AGGRESSIVE;
				GCC_WARN_UNUSED_FUNCTION = YES;
				GCC_WARN_UNUSED_VARIABLE = YES;
				IPHONEOS_DEPLOYMENT_TARGET = 9.0;
				MTL_ENABLE_DEBUG_INFO = NO;
				SDKROOT = iphoneos;
				VALIDATE_PRODUCT = YES;
			};
			name = Release;
		};
		A252B6501BDE5A1F00ECF5D4 /* Debug */ = {
			isa = XCBuildConfiguration;
			baseConfigurationReference = 8B9A528CC5F23DB904463BD6 /* Pods.debug.xcconfig */;
			buildSettings = {
				ASSETCATALOG_COMPILER_APPICON_NAME = AppIcon;
				ASSETCATALOG_COMPILER_LAUNCHIMAGE_NAME = BrandAsset;
				INFOPLIST_FILE = SinaWeiBo/Info.plist;
				IPHONEOS_DEPLOYMENT_TARGET = 8.0;
				LD_RUNPATH_SEARCH_PATHS = "$(inherited) @executable_path/Frameworks";
				PRODUCT_BUNDLE_IDENTIFIER = cn.Arvin;
				PRODUCT_NAME = "$(TARGET_NAME)";
			};
			name = Debug;
		};
		A252B6511BDE5A1F00ECF5D4 /* Release */ = {
			isa = XCBuildConfiguration;
			baseConfigurationReference = 9F89B815AE5A9A70C8AB9E5B /* Pods.release.xcconfig */;
			buildSettings = {
				ASSETCATALOG_COMPILER_APPICON_NAME = AppIcon;
				ASSETCATALOG_COMPILER_LAUNCHIMAGE_NAME = BrandAsset;
				INFOPLIST_FILE = SinaWeiBo/Info.plist;
				IPHONEOS_DEPLOYMENT_TARGET = 8.0;
				LD_RUNPATH_SEARCH_PATHS = "$(inherited) @executable_path/Frameworks";
				PRODUCT_BUNDLE_IDENTIFIER = cn.Arvin;
				PRODUCT_NAME = "$(TARGET_NAME)";
			};
			name = Release;
		};
/* End XCBuildConfiguration section */

/* Begin XCConfigurationList section */
		A252B6381BDE5A1F00ECF5D4 /* Build configuration list for PBXProject "SinaWeiBo" */ = {
			isa = XCConfigurationList;
			buildConfigurations = (
				A252B64D1BDE5A1F00ECF5D4 /* Debug */,
				A252B64E1BDE5A1F00ECF5D4 /* Release */,
			);
			defaultConfigurationIsVisible = 0;
			defaultConfigurationName = Release;
		};
		A252B64F1BDE5A1F00ECF5D4 /* Build configuration list for PBXNativeTarget "SinaWeiBo" */ = {
			isa = XCConfigurationList;
			buildConfigurations = (
				A252B6501BDE5A1F00ECF5D4 /* Debug */,
				A252B6511BDE5A1F00ECF5D4 /* Release */,
			);
			defaultConfigurationIsVisible = 0;
			defaultConfigurationName = Release;
		};
/* End XCConfigurationList section */
	};
	rootObject = A252B6351BDE5A1F00ECF5D4 /* Project object */;
}
